
Microsoft Visual Studio Solution File, Format Version 12.00
# Visual Studio Version 17
VisualStudioVersion = 17.9.34616.47
MinimumVisualStudioVersion = 10.0.40219.1
Project("{9A19103F-16F7-4668-BE54-9A1E7A4F7556}") = "Rebecca.BeWell.BlazorApp", "Rebecca.BeWell.BlazorApp\Rebecca.BeWell.BlazorApp\Rebecca.BeWell.BlazorApp.csproj", "{5D3F8D3D-6061-413F-B18C-7C4C478419EE}"
EndProject
Project("{9A19103F-16F7-4668-BE54-9A1E7A4F7556}") = "Rebecca.BeWell.BlazorApp.Client", "Rebecca.BeWell.BlazorApp\Rebecca.BeWell.BlazorApp.Client\Rebecca.BeWell.BlazorApp.Client.csproj", "{7030D13A-1A46-41FB-91D7-2B914CB53773}"
EndProject
Global
	GlobalSection(SolutionConfigurationPlatforms) = preSolution
		Debug|Any CPU = Debug|Any CPU
		Release|Any CPU = Release|Any CPU
	EndGlobalSection
	GlobalSection(ProjectConfigurationPlatforms) = postSolution
		{5D3F8D3D-6061-413F-B18C-7C4C478419EE}.Debug|Any CPU.ActiveCfg = Debug|Any CPU
		{5D3F8D3D-6061-413F-B18C-7C4C478419EE}.Debug|Any CPU.Build.0 = Debug|Any CPU
		{5D3F8D3D-6061-413F-B18C-7C4C478419EE}.Release|Any CPU.ActiveCfg = Release|Any CPU
		{5D3F8D3D-6061-413F-B18C-7C4C478419EE}.Release|Any CPU.Build.0 = Release|Any CPU
		{7030D13A-1A46-41FB-91D7-2B914CB53773}.Debug|Any CPU.ActiveCfg = Debug|Any CPU
		{7030D13A-1A46-41FB-91D7-2B914CB53773}.Debug|Any CPU.Build.0 = Debug|Any CPU
		{7030D13A-1A46-41FB-91D7-2B914CB53773}.Release|Any CPU.ActiveCfg = Release|Any CPU
		{7030D13A-1A46-41FB-91D7-2B914CB53773}.Release|Any CPU.Build.0 = Release|Any CPU
	EndGlobalSection
	GlobalSection(SolutionProperties) = preSolution
		HideSolutionNode = FALSE
	EndGlobalSection
	GlobalSection(ExtensibilityGlobals) = postSolution
		SolutionGuid = {D87C97FE-3C0D-48D1-BE05-E0CD30F5D57C}
	EndGlobalSection
EndGlobal
